
Microsoft Visual Studio Solution File, Format Version 12.00
# Visual Studio Version 17
VisualStudioVersion = 17.14.36616.10 d17.14
MinimumVisualStudioVersion = 10.0.40219.1
Project("{C9674DCB-5085-4A16-B785-4C70DD1589BD}") = "SCD Type 2", "SCD Type 2\SCD Type 2.dtproj", "{9E4B227A-898D-A40D-1467-9FF2831FEC1E}"
EndProject
Global
	GlobalSection(SolutionConfigurationPlatforms) = preSolution
		Development|Default = Development|Default
	EndGlobalSection
	GlobalSection(ProjectConfigurationPlatforms) = postSolution
		{9E4B227A-898D-A40D-1467-9FF2831FEC1E}.Development|Default.ActiveCfg = Development
		{9E4B227A-898D-A40D-1467-9FF2831FEC1E}.Development|Default.Build.0 = Development
	EndGlobalSection
	GlobalSection(SolutionProperties) = preSolution
		HideSolutionNode = FALSE
	EndGlobalSection
	GlobalSection(ExtensibilityGlobals) = postSolution
		SolutionGuid = {9DF7A5D0-1BEA-45EA-903A-675751356C35}
	EndGlobalSection
EndGlobal
