
Microsoft Visual Studio Solution File, Format Version 12.00
# Visual Studio Version 17
VisualStudioVersion = 17.14.36616.10
MinimumVisualStudioVersion = 10.0.40219.1
Project("{C9674DCB-5085-4A16-B785-4C70DD1589BD}") = "Dimvendor_1", "Dimvendor_1\Dimvendor_1.dtproj", "{4108365B-FA49-27F2-0288-D9086875B27F}"
EndProject
Global
	GlobalSection(SolutionConfigurationPlatforms) = preSolution
		Development|Default = Development|Default
	EndGlobalSection
	GlobalSection(ProjectConfigurationPlatforms) = postSolution
		{4108365B-FA49-27F2-0288-D9086875B27F}.Development|Default.ActiveCfg = Development
		{4108365B-FA49-27F2-0288-D9086875B27F}.Development|Default.Build.0 = Development
	EndGlobalSection
	GlobalSection(SolutionProperties) = preSolution
		HideSolutionNode = FALSE
	EndGlobalSection
	GlobalSection(ExtensibilityGlobals) = postSolution
		SolutionGuid = {CD5BAA73-E070-423C-823B-168D2C8370CF}
	EndGlobalSection
EndGlobal
